
Microsoft Visual Studio Solution File, Format Version 12.00
# Visual Studio Version 16
VisualStudioVersion = 16.0.30907.101
MinimumVisualStudioVersion = 10.0.40219.1
Project("{FAE04EC0-301F-11D3-BF4B-00C04F79EFBC}") = "ThoffyMusic", "ThoffyMusic\ThoffyMusic.csproj", "{357ACE4E-FCDB-44F7-9319-4F9AFFBD2F8A}"
EndProject
Project("{FAE04EC0-301F-11D3-BF4B-00C04F79EFBC}") = "Infrastructure", "Infrastructure\Infrastructure.csproj", "{0F00FABE-4C6C-440D-A797-25F28B4964BE}"
EndProject
Project("{FAE04EC0-301F-11D3-BF4B-00C04F79EFBC}") = "ConsoleApp1", "ConsoleApp1\ConsoleApp1.csproj", "{76E73D60-2738-417C-ACD7-425A6B582A6E}"
EndProject
Global
	GlobalSection(SolutionConfigurationPlatforms) = preSolution
		Debug|Any CPU = Debug|Any CPU
		Release|Any CPU = Release|Any CPU
	EndGlobalSection
	GlobalSection(ProjectConfigurationPlatforms) = postSolution
		{357ACE4E-FCDB-44F7-9319-4F9AFFBD2F8A}.Debug|Any CPU.ActiveCfg = Debug|Any CPU
		{357ACE4E-FCDB-44F7-9319-4F9AFFBD2F8A}.Debug|Any CPU.Build.0 = Debug|Any CPU
		{357ACE4E-FCDB-44F7-9319-4F9AFFBD2F8A}.Release|Any CPU.ActiveCfg = Release|Any CPU
		{357ACE4E-FCDB-44F7-9319-4F9AFFBD2F8A}.Release|Any CPU.Build.0 = Release|Any CPU
		{0F00FABE-4C6C-440D-A797-25F28B4964BE}.Debug|Any CPU.ActiveCfg = Debug|Any CPU
		{0F00FABE-4C6C-440D-A797-25F28B4964BE}.Debug|Any CPU.Build.0 = Debug|Any CPU
		{0F00FABE-4C6C-440D-A797-25F28B4964BE}.Release|Any CPU.ActiveCfg = Release|Any CPU
		{0F00FABE-4C6C-440D-A797-25F28B4964BE}.Release|Any CPU.Build.0 = Release|Any CPU
		{76E73D60-2738-417C-ACD7-425A6B582A6E}.Debug|Any CPU.ActiveCfg = Debug|Any CPU
		{76E73D60-2738-417C-ACD7-425A6B582A6E}.Debug|Any CPU.Build.0 = Debug|Any CPU
		{76E73D60-2738-417C-ACD7-425A6B582A6E}.Release|Any CPU.ActiveCfg = Release|Any CPU
		{76E73D60-2738-417C-ACD7-425A6B582A6E}.Release|Any CPU.Build.0 = Release|Any CPU
	EndGlobalSection
	GlobalSection(SolutionProperties) = preSolution
		HideSolutionNode = FALSE
	EndGlobalSection
	GlobalSection(ExtensibilityGlobals) = postSolution
		SolutionGuid = {2C730205-F2F3-456D-BB06-7CE922E56C7F}
	EndGlobalSection
EndGlobal
